
Microsoft Visual Studio Solution File, Format Version 12.00
# Visual Studio Version 16
VisualStudioVersion = 16.0.29215.179
MinimumVisualStudioVersion = 10.0.40219.1
Project("{FAE04EC0-301F-11D3-BF4B-00C04F79EFBC}") = "EasyNPOI", "src\EasyNPOI\EasyNPOI.csproj", "{0A7A971B-1ECF-4497-AAF6-9D243124D851}"
EndProject
Project("{FAE04EC0-301F-11D3-BF4B-00C04F79EFBC}") = "UnitTest", "src\UnitTest\UnitTest.csproj", "{9C4B435A-94D3-4A88-BB0F-557CE99C18CB}"
EndProject
Global
	GlobalSection(SolutionConfigurationPlatforms) = preSolution
		Debug|Any CPU = Debug|Any CPU
		Release|Any CPU = Release|Any CPU
	EndGlobalSection
	GlobalSection(ProjectConfigurationPlatforms) = postSolution
		{0A7A971B-1ECF-4497-AAF6-9D243124D851}.Debug|Any CPU.ActiveCfg = Debug|Any CPU
		{0A7A971B-1ECF-4497-AAF6-9D243124D851}.Debug|Any CPU.Build.0 = Debug|Any CPU
		{0A7A971B-1ECF-4497-AAF6-9D243124D851}.Release|Any CPU.ActiveCfg = Release|Any CPU
		{0A7A971B-1ECF-4497-AAF6-9D243124D851}.Release|Any CPU.Build.0 = Release|Any CPU
		{9C4B435A-94D3-4A88-BB0F-557CE99C18CB}.Debug|Any CPU.ActiveCfg = Debug|Any CPU
		{9C4B435A-94D3-4A88-BB0F-557CE99C18CB}.Debug|Any CPU.Build.0 = Debug|Any CPU
		{9C4B435A-94D3-4A88-BB0F-557CE99C18CB}.Release|Any CPU.ActiveCfg = Release|Any CPU
		{9C4B435A-94D3-4A88-BB0F-557CE99C18CB}.Release|Any CPU.Build.0 = Release|Any CPU
	EndGlobalSection
	GlobalSection(SolutionProperties) = preSolution
		HideSolutionNode = FALSE
	EndGlobalSection
	GlobalSection(ExtensibilityGlobals) = postSolution
		SolutionGuid = {8EA88DE5-5814-4D8B-AACE-6D2DEF5ABB0A}
	EndGlobalSection
EndGlobal
